{
  "version": 4,
  "terraform_version": "1.1.7",
  "serial": 15,
  "lineage": "242ee7b4-6d81-02a7-aa8b-6b9d6df507ce",
  "outputs": {
    "external_ip_address_node": {
      "value": [
        [
          "51.250.67.133",
          "62.84.117.228"
        ]
      ],
      "type": [
        "tuple",
        [
          [
            "tuple",
            [
              "string",
              "string"
            ]
          ]
        ]
      ]
    }
  },
  "resources": [
    {
      "module": "module.node",
      "mode": "managed",
      "type": "yandex_compute_instance",
      "name": "node",
      "provider": "provider[\"registry.terraform.io/yandex-cloud/yandex\"]",
      "instances": [
        {
          "index_key": 0,
          "schema_version": 1,
          "attributes": {
            "allow_recreate": null,
            "allow_stopping_for_update": null,
            "boot_disk": [
              {
                "auto_delete": true,
                "device_name": "fhmjt4ci6hn6jn658hg9",
                "disk_id": "fhmjt4ci6hn6jn658hg9",
                "initialize_params": [
                  {
                    "block_size": 4096,
                    "description": "",
                    "image_id": "fd8al73ohctul58bepdv",
                    "name": "",
                    "size": 40,
                    "snapshot_id": "",
                    "type": "network-hdd"
                  }
                ],
                "mode": "READ_WRITE"
              }
            ],
            "created_at": "2022-07-22T04:52:58Z",
            "description": "",
            "folder_id": "b1guqoie8egj4nbnr4da",
            "fqdn": "fhmbr2p8bihohm430ki7.auto.internal",
            "hostname": "fhmbr2p8bihohm430ki7",
            "id": "fhmbr2p8bihohm430ki7",
            "labels": {
              "tags": "kube-node0"
            },
            "local_disk": [],
            "metadata": {
              "ssh-keys": "ubuntu:ssh-rsa AAAAB3NzaC1yc2EAAAADAQABAAABgQDZnh8KlKzXEY/zUwttpo8KCn5nbeiXHbI5V0HR5c0ricFTL4xNqFyRhFtJTXNOlkV9IvPu5Gnrwt79VWoYJqHyeRl2nhWwmoO8hysuUemguNgox1OCUzRd/UF7Jsu94YlijLKPxF4esnlu54CdtQMG5eqZL7/71MbdEl4yLRmacJkIdy2OdNCu6bltSCh8HLE0tAC9GYVvS2uoxzfH9hw9xti1LON22vFw7JdheEN2xuUUgCb/qViRguJQW1ll3QgAeMtRU6M0lJDdPuEAhLHUL/3Nfdd3d9Ptt4UXYXmTabuVux370WXCFToIVVpviDq3Y7z8d2XUO+JdBJCE+R9L0c2FGq/rawdi5tQLNw4jmLXQlCd+sAcdIlz1ZakD03pRv74kmcD1NZRjr4PeCMm9pWd0QHPjWa3s4g8zSS62uczIc0KmdY4zrqYBwgr1CaKC9vAqrDXAToFS55u6GAb3BjTxeYX+aNbQHroXkhw++FQHnLXdw+bZM7EF0lUSYrs= ubuntu\n"
            },
            "name": "kube-node0-prod",
            "network_acceleration_type": "standard",
            "network_interface": [
              {
                "dns_record": [],
                "index": 0,
                "ip_address": "10.128.0.11",
                "ipv4": true,
                "ipv6": false,
                "ipv6_address": "",
                "ipv6_dns_record": [],
                "mac_address": "d0:0d:bd:8b:28:5c",
                "nat": true,
                "nat_dns_record": [],
                "nat_ip_address": "51.250.67.133",
                "nat_ip_version": "IPV4",
                "security_group_ids": [],
                "subnet_id": "e9bs9omgumraqpam9o1i"
              }
            ],
            "placement_policy": [
              {
                "host_affinity_rules": [],
                "placement_group_id": ""
              }
            ],
            "platform_id": "standard-v1",
            "resources": [
              {
                "core_fraction": 100,
                "cores": 4,
                "gpus": 0,
                "memory": 4
              }
            ],
            "scheduling_policy": [
              {
                "preemptible": false
              }
            ],
            "secondary_disk": [],
            "service_account_id": "",
            "status": "running",
            "timeouts": null,
            "zone": "ru-central1-a"
          },
          "sensitive_attributes": [],
          "private": "eyJlMmJmYjczMC1lY2FhLTExZTYtOGY4OC0zNDM2M2JjN2M0YzAiOnsiY3JlYXRlIjozMDAwMDAwMDAwMDAsImRlbGV0ZSI6MzAwMDAwMDAwMDAwLCJ1cGRhdGUiOjMwMDAwMDAwMDAwMH0sInNjaGVtYV92ZXJzaW9uIjoiMSJ9"
        },
        {
          "index_key": 1,
          "schema_version": 1,
          "attributes": {
            "allow_recreate": null,
            "allow_stopping_for_update": null,
            "boot_disk": [
              {
                "auto_delete": true,
                "device_name": "fhmkiv5o3hguglpsg9dv",
                "disk_id": "fhmkiv5o3hguglpsg9dv",
                "initialize_params": [
                  {
                    "block_size": 4096,
                    "description": "",
                    "image_id": "fd8al73ohctul58bepdv",
                    "name": "",
                    "size": 40,
                    "snapshot_id": "",
                    "type": "network-hdd"
                  }
                ],
                "mode": "READ_WRITE"
              }
            ],
            "created_at": "2022-07-22T04:52:58Z",
            "description": "",
            "folder_id": "b1guqoie8egj4nbnr4da",
            "fqdn": "fhm8acclb7eomt42jchs.auto.internal",
            "hostname": "fhm8acclb7eomt42jchs",
            "id": "fhm8acclb7eomt42jchs",
            "labels": {
              "tags": "kube-node1"
            },
            "local_disk": [],
            "metadata": {
              "ssh-keys": "ubuntu:ssh-rsa AAAAB3NzaC1yc2EAAAADAQABAAABgQDZnh8KlKzXEY/zUwttpo8KCn5nbeiXHbI5V0HR5c0ricFTL4xNqFyRhFtJTXNOlkV9IvPu5Gnrwt79VWoYJqHyeRl2nhWwmoO8hysuUemguNgox1OCUzRd/UF7Jsu94YlijLKPxF4esnlu54CdtQMG5eqZL7/71MbdEl4yLRmacJkIdy2OdNCu6bltSCh8HLE0tAC9GYVvS2uoxzfH9hw9xti1LON22vFw7JdheEN2xuUUgCb/qViRguJQW1ll3QgAeMtRU6M0lJDdPuEAhLHUL/3Nfdd3d9Ptt4UXYXmTabuVux370WXCFToIVVpviDq3Y7z8d2XUO+JdBJCE+R9L0c2FGq/rawdi5tQLNw4jmLXQlCd+sAcdIlz1ZakD03pRv74kmcD1NZRjr4PeCMm9pWd0QHPjWa3s4g8zSS62uczIc0KmdY4zrqYBwgr1CaKC9vAqrDXAToFS55u6GAb3BjTxeYX+aNbQHroXkhw++FQHnLXdw+bZM7EF0lUSYrs= ubuntu\n"
            },
            "name": "kube-node1-prod",
            "network_acceleration_type": "standard",
            "network_interface": [
              {
                "dns_record": [],
                "index": 0,
                "ip_address": "10.128.0.12",
                "ipv4": true,
                "ipv6": false,
                "ipv6_address": "",
                "ipv6_dns_record": [],
                "mac_address": "d0:0d:85:31:95:59",
                "nat": true,
                "nat_dns_record": [],
                "nat_ip_address": "62.84.117.228",
                "nat_ip_version": "IPV4",
                "security_group_ids": [],
                "subnet_id": "e9bs9omgumraqpam9o1i"
              }
            ],
            "placement_policy": [
              {
                "host_affinity_rules": [],
                "placement_group_id": ""
              }
            ],
            "platform_id": "standard-v1",
            "resources": [
              {
                "core_fraction": 100,
                "cores": 4,
                "gpus": 0,
                "memory": 4
              }
            ],
            "scheduling_policy": [
              {
                "preemptible": false
              }
            ],
            "secondary_disk": [],
            "service_account_id": "",
            "status": "running",
            "timeouts": null,
            "zone": "ru-central1-a"
          },
          "sensitive_attributes": [],
          "private": "eyJlMmJmYjczMC1lY2FhLTExZTYtOGY4OC0zNDM2M2JjN2M0YzAiOnsiY3JlYXRlIjozMDAwMDAwMDAwMDAsImRlbGV0ZSI6MzAwMDAwMDAwMDAwLCJ1cGRhdGUiOjMwMDAwMDAwMDAwMH0sInNjaGVtYV92ZXJzaW9uIjoiMSJ9"
        }
      ]
    }
  ]
}
